
Microsoft Visual Studio Solution File, Format Version 12.00
# Visual Studio Version 17
VisualStudioVersion = 17.3.32929.385
MinimumVisualStudioVersion = 10.0.40219.1
Project("{FAE04EC0-301F-11D3-BF4B-00C04F79EFBC}") = "MyTour.UWP", "MyTour\MyTour.UWP\MyTour.UWP.csproj", "{A71B2293-7166-427E-BEDF-B8653AB7185F}"
EndProject
Project("{FAE04EC0-301F-11D3-BF4B-00C04F79EFBC}") = "MyTour.Android", "MyTour\MyTour.Android\MyTour.Android.csproj", "{0AF94FAC-ED34-479C-B5AD-842CC3977068}"
EndProject
Project("{FAE04EC0-301F-11D3-BF4B-00C04F79EFBC}") = "MyTour.iOS", "MyTour\MyTour.iOS\MyTour.iOS.csproj", "{0F6C77C8-42E6-48CE-A83F-C62CA181032D}"
EndProject
Project("{9A19103F-16F7-4668-BE54-9A1E7A4F7556}") = "MyTour", "MyTour\MyTour\MyTour.csproj", "{AB399442-449A-4D57-946F-C5E73BD840BA}"
EndProject
Global
	GlobalSection(SolutionConfigurationPlatforms) = preSolution
		Debug|Any CPU = Debug|Any CPU
		Debug|ARM = Debug|ARM
		Debug|iPhone = Debug|iPhone
		Debug|iPhoneSimulator = Debug|iPhoneSimulator
		Debug|x64 = Debug|x64
		Debug|x86 = Debug|x86
		Release|Any CPU = Release|Any CPU
		Release|ARM = Release|ARM
		Release|iPhone = Release|iPhone
		Release|iPhoneSimulator = Release|iPhoneSimulator
		Release|x64 = Release|x64
		Release|x86 = Release|x86
	EndGlobalSection
	GlobalSection(ProjectConfigurationPlatforms) = postSolution
		{A71B2293-7166-427E-BEDF-B8653AB7185F}.Debug|Any CPU.ActiveCfg = Debug|x64
		{A71B2293-7166-427E-BEDF-B8653AB7185F}.Debug|Any CPU.Build.0 = Debug|x64
		{A71B2293-7166-427E-BEDF-B8653AB7185F}.Debug|Any CPU.Deploy.0 = Debug|x64
		{A71B2293-7166-427E-BEDF-B8653AB7185F}.Debug|ARM.ActiveCfg = Debug|ARM
		{A71B2293-7166-427E-BEDF-B8653AB7185F}.Debug|ARM.Build.0 = Debug|ARM
		{A71B2293-7166-427E-BEDF-B8653AB7185F}.Debug|ARM.Deploy.0 = Debug|ARM
		{A71B2293-7166-427E-BEDF-B8653AB7185F}.Debug|iPhone.ActiveCfg = Debug|x64
		{A71B2293-7166-427E-BEDF-B8653AB7185F}.Debug|iPhone.Build.0 = Debug|x64
		{A71B2293-7166-427E-BEDF-B8653AB7185F}.Debug|iPhone.Deploy.0 = Debug|x64
		{A71B2293-7166-427E-BEDF-B8653AB7185F}.Debug|iPhoneSimulator.ActiveCfg = Debug|x64
		{A71B2293-7166-427E-BEDF-B8653AB7185F}.Debug|iPhoneSimulator.Build.0 = Debug|x64
		{A71B2293-7166-427E-BEDF-B8653AB7185F}.Debug|iPhoneSimulator.Deploy.0 = Debug|x64
		{A71B2293-7166-427E-BEDF-B8653AB7185F}.Debug|x64.ActiveCfg = Debug|x64
		{A71B2293-7166-427E-BEDF-B8653AB7185F}.Debug|x64.Build.0 = Debug|x64
		{A71B2293-7166-427E-BEDF-B8653AB7185F}.Debug|x64.Deploy.0 = Debug|x64
		{A71B2293-7166-427E-BEDF-B8653AB7185F}.Debug|x86.ActiveCfg = Debug|x86
		{A71B2293-7166-427E-BEDF-B8653AB7185F}.Debug|x86.Build.0 = Debug|x86
		{A71B2293-7166-427E-BEDF-B8653AB7185F}.Debug|x86.Deploy.0 = Debug|x86
		{A71B2293-7166-427E-BEDF-B8653AB7185F}.Release|Any CPU.ActiveCfg = Release|x64
		{A71B2293-7166-427E-BEDF-B8653AB7185F}.Release|Any CPU.Build.0 = Release|x64
		{A71B2293-7166-427E-BEDF-B8653AB7185F}.Release|Any CPU.Deploy.0 = Release|x64
		{A71B2293-7166-427E-BEDF-B8653AB7185F}.Release|ARM.ActiveCfg = Release|ARM
		{A71B2293-7166-427E-BEDF-B8653AB7185F}.Release|ARM.Build.0 = Release|ARM
		{A71B2293-7166-427E-BEDF-B8653AB7185F}.Release|ARM.Deploy.0 = Release|ARM
		{A71B2293-7166-427E-BEDF-B8653AB7185F}.Release|iPhone.ActiveCfg = Release|x64
		{A71B2293-7166-427E-BEDF-B8653AB7185F}.Release|iPhone.Build.0 = Release|x64
		{A71B2293-7166-427E-BEDF-B8653AB7185F}.Release|iPhone.Deploy.0 = Release|x64
		{A71B2293-7166-427E-BEDF-B8653AB7185F}.Release|iPhoneSimulator.ActiveCfg = Release|x64
		{A71B2293-7166-427E-BEDF-B8653AB7185F}.Release|iPhoneSimulator.Build.0 = Release|x64
		{A71B2293-7166-427E-BEDF-B8653AB7185F}.Release|iPhoneSimulator.Deploy.0 = Release|x64
		{A71B2293-7166-427E-BEDF-B8653AB7185F}.Release|x64.ActiveCfg = Release|x64
		{A71B2293-7166-427E-BEDF-B8653AB7185F}.Release|x64.Build.0 = Release|x64
		{A71B2293-7166-427E-BEDF-B8653AB7185F}.Release|x64.Deploy.0 = Release|x64
		{A71B2293-7166-427E-BEDF-B8653AB7185F}.Release|x86.ActiveCfg = Release|x86
		{A71B2293-7166-427E-BEDF-B8653AB7185F}.Release|x86.Build.0 = Release|x86
		{A71B2293-7166-427E-BEDF-B8653AB7185F}.Release|x86.Deploy.0 = Release|x86
		{0AF94FAC-ED34-479C-B5AD-842CC3977068}.Debug|Any CPU.ActiveCfg = Debug|Any CPU
		{0AF94FAC-ED34-479C-B5AD-842CC3977068}.Debug|Any CPU.Build.0 = Debug|Any CPU
		{0AF94FAC-ED34-479C-B5AD-842CC3977068}.Debug|Any CPU.Deploy.0 = Debug|Any CPU
		{0AF94FAC-ED34-479C-B5AD-842CC3977068}.Debug|ARM.ActiveCfg = Debug|Any CPU
		{0AF94FAC-ED34-479C-B5AD-842CC3977068}.Debug|ARM.Build.0 = Debug|Any CPU
		{0AF94FAC-ED34-479C-B5AD-842CC3977068}.Debug|ARM.Deploy.0 = Debug|Any CPU
		{0AF94FAC-ED34-479C-B5AD-842CC3977068}.Debug|iPhone.ActiveCfg = Debug|Any CPU
		{0AF94FAC-ED34-479C-B5AD-842CC3977068}.Debug|iPhone.Build.0 = Debug|Any CPU
		{0AF94FAC-ED34-479C-B5AD-842CC3977068}.Debug|iPhone.Deploy.0 = Debug|Any CPU
		{0AF94FAC-ED34-479C-B5AD-842CC3977068}.Debug|iPhoneSimulator.ActiveCfg = Debug|Any CPU
		{0AF94FAC-ED34-479C-B5AD-842CC3977068}.Debug|iPhoneSimulator.Build.0 = Debug|Any CPU
		{0AF94FAC-ED34-479C-B5AD-842CC3977068}.Debug|iPhoneSimulator.Deploy.0 = Debug|Any CPU
		{0AF94FAC-ED34-479C-B5AD-842CC3977068}.Debug|x64.ActiveCfg = Debug|Any CPU
		{0AF94FAC-ED34-479C-B5AD-842CC3977068}.Debug|x64.Build.0 = Debug|Any CPU
		{0AF94FAC-ED34-479C-B5AD-842CC3977068}.Debug|x64.Deploy.0 = Debug|Any CPU
		{0AF94FAC-ED34-479C-B5AD-842CC3977068}.Debug|x86.ActiveCfg = Debug|Any CPU
		{0AF94FAC-ED34-479C-B5AD-842CC3977068}.Debug|x86.Build.0 = Debug|Any CPU
		{0AF94FAC-ED34-479C-B5AD-842CC3977068}.Debug|x86.Deploy.0 = Debug|Any CPU
		{0AF94FAC-ED34-479C-B5AD-842CC3977068}.Release|Any CPU.ActiveCfg = Release|Any CPU
		{0AF94FAC-ED34-479C-B5AD-842CC3977068}.Release|Any CPU.Build.0 = Release|Any CPU
		{0AF94FAC-ED34-479C-B5AD-842CC3977068}.Release|Any CPU.Deploy.0 = Release|Any CPU
		{0AF94FAC-ED34-479C-B5AD-842CC3977068}.Release|ARM.ActiveCfg = Release|Any CPU
		{0AF94FAC-ED34-479C-B5AD-842CC3977068}.Release|ARM.Build.0 = Release|Any CPU
		{0AF94FAC-ED34-479C-B5AD-842CC3977068}.Release|ARM.Deploy.0 = Release|Any CPU
		{0AF94FAC-ED34-479C-B5AD-842CC3977068}.Release|iPhone.ActiveCfg = Release|Any CPU
		{0AF94FAC-ED34-479C-B5AD-842CC3977068}.Release|iPhone.Build.0 = Release|Any CPU
		{0AF94FAC-ED34-479C-B5AD-842CC3977068}.Release|iPhone.Deploy.0 = Release|Any CPU
		{0AF94FAC-ED34-479C-B5AD-842CC3977068}.Release|iPhoneSimulator.ActiveCfg = Release|Any CPU
		{0AF94FAC-ED34-479C-B5AD-842CC3977068}.Release|iPhoneSimulator.Build.0 = Release|Any CPU
		{0AF94FAC-ED34-479C-B5AD-842CC3977068}.Release|iPhoneSimulator.Deploy.0 = Release|Any CPU
		{0AF94FAC-ED34-479C-B5AD-842CC3977068}.Release|x64.ActiveCfg = Release|Any CPU
		{0AF94FAC-ED34-479C-B5AD-842CC3977068}.Release|x64.Build.0 = Release|Any CPU
		{0AF94FAC-ED34-479C-B5AD-842CC3977068}.Release|x64.Deploy.0 = Release|Any CPU
		{0AF94FAC-ED34-479C-B5AD-842CC3977068}.Release|x86.ActiveCfg = Release|Any CPU
		{0AF94FAC-ED34-479C-B5AD-842CC3977068}.Release|x86.Build.0 = Release|Any CPU
		{0AF94FAC-ED34-479C-B5AD-842CC3977068}.Release|x86.Deploy.0 = Release|Any CPU
		{0F6C77C8-42E6-48CE-A83F-C62CA181032D}.Debug|Any CPU.ActiveCfg = Debug|iPhoneSimulator
		{0F6C77C8-42E6-48CE-A83F-C62CA181032D}.Debug|Any CPU.Build.0 = Debug|iPhoneSimulator
		{0F6C77C8-42E6-48CE-A83F-C62CA181032D}.Debug|Any CPU.Deploy.0 = Debug|iPhoneSimulator
		{0F6C77C8-42E6-48CE-A83F-C62CA181032D}.Debug|ARM.ActiveCfg = Debug|iPhoneSimulator
		{0F6C77C8-42E6-48CE-A83F-C62CA181032D}.Debug|ARM.Build.0 = Debug|iPhoneSimulator
		{0F6C77C8-42E6-48CE-A83F-C62CA181032D}.Debug|ARM.Deploy.0 = Debug|iPhoneSimulator
		{0F6C77C8-42E6-48CE-A83F-C62CA181032D}.Debug|iPhone.ActiveCfg = Debug|iPhone
		{0F6C77C8-42E6-48CE-A83F-C62CA181032D}.Debug|iPhone.Build.0 = Debug|iPhone
		{0F6C77C8-42E6-48CE-A83F-C62CA181032D}.Debug|iPhone.Deploy.0 = Debug|iPhone
		{0F6C77C8-42E6-48CE-A83F-C62CA181032D}.Debug|iPhoneSimulator.ActiveCfg = Debug|iPhoneSimulator
		{0F6C77C8-42E6-48CE-A83F-C62CA181032D}.Debug|iPhoneSimulator.Build.0 = Debug|iPhoneSimulator
		{0F6C77C8-42E6-48CE-A83F-C62CA181032D}.Debug|iPhoneSimulator.Deploy.0 = Debug|iPhoneSimulator
		{0F6C77C8-42E6-48CE-A83F-C62CA181032D}.Debug|x64.ActiveCfg = Debug|iPhone
		{0F6C77C8-42E6-48CE-A83F-C62CA181032D}.Debug|x64.Build.0 = Debug|iPhone
		{0F6C77C8-42E6-48CE-A83F-C62CA181032D}.Debug|x64.Deploy.0 = Debug|iPhone
		{0F6C77C8-42E6-48CE-A83F-C62CA181032D}.Debug|x86.ActiveCfg = Debug|iPhoneSimulator
		{0F6C77C8-42E6-48CE-A83F-C62CA181032D}.Debug|x86.Build.0 = Debug|iPhoneSimulator
		{0F6C77C8-42E6-48CE-A83F-C62CA181032D}.Debug|x86.Deploy.0 = Debug|iPhoneSimulator
		{0F6C77C8-42E6-48CE-A83F-C62CA181032D}.Release|Any CPU.ActiveCfg = Release|iPhoneSimulator
		{0F6C77C8-42E6-48CE-A83F-C62CA181032D}.Release|Any CPU.Build.0 = Release|iPhoneSimulator
		{0F6C77C8-42E6-48CE-A83F-C62CA181032D}.Release|Any CPU.Deploy.0 = Release|iPhoneSimulator
		{0F6C77C8-42E6-48CE-A83F-C62CA181032D}.Release|ARM.ActiveCfg = Release|iPhoneSimulator
		{0F6C77C8-42E6-48CE-A83F-C62CA181032D}.Release|ARM.Build.0 = Release|iPhoneSimulator
		{0F6C77C8-42E6-48CE-A83F-C62CA181032D}.Release|ARM.Deploy.0 = Release|iPhoneSimulator
		{0F6C77C8-42E6-48CE-A83F-C62CA181032D}.Release|iPhone.ActiveCfg = Release|iPhone
		{0F6C77C8-42E6-48CE-A83F-C62CA181032D}.Release|iPhone.Build.0 = Release|iPhone
		{0F6C77C8-42E6-48CE-A83F-C62CA181032D}.Release|iPhone.Deploy.0 = Release|iPhone
		{0F6C77C8-42E6-48CE-A83F-C62CA181032D}.Release|iPhoneSimulator.ActiveCfg = Release|iPhoneSimulator
		{0F6C77C8-42E6-48CE-A83F-C62CA181032D}.Release|iPhoneSimulator.Build.0 = Release|iPhoneSimulator
		{0F6C77C8-42E6-48CE-A83F-C62CA181032D}.Release|iPhoneSimulator.Deploy.0 = Release|iPhoneSimulator
		{0F6C77C8-42E6-48CE-A83F-C62CA181032D}.Release|x64.ActiveCfg = Release|iPhoneSimulator
		{0F6C77C8-42E6-48CE-A83F-C62CA181032D}.Release|x64.Build.0 = Release|iPhoneSimulator
		{0F6C77C8-42E6-48CE-A83F-C62CA181032D}.Release|x64.Deploy.0 = Release|iPhoneSimulator
		{0F6C77C8-42E6-48CE-A83F-C62CA181032D}.Release|x86.ActiveCfg = Release|iPhoneSimulator
		{0F6C77C8-42E6-48CE-A83F-C62CA181032D}.Release|x86.Build.0 = Release|iPhoneSimulator
		{0F6C77C8-42E6-48CE-A83F-C62CA181032D}.Release|x86.Deploy.0 = Release|iPhoneSimulator
		{AB399442-449A-4D57-946F-C5E73BD840BA}.Debug|Any CPU.ActiveCfg = Debug|Any CPU
		{AB399442-449A-4D57-946F-C5E73BD840BA}.Debug|Any CPU.Build.0 = Debug|Any CPU
		{AB399442-449A-4D57-946F-C5E73BD840BA}.Debug|Any CPU.Deploy.0 = Debug|Any CPU
		{AB399442-449A-4D57-946F-C5E73BD840BA}.Debug|ARM.ActiveCfg = Debug|Any CPU
		{AB399442-449A-4D57-946F-C5E73BD840BA}.Debug|ARM.Build.0 = Debug|Any CPU
		{AB399442-449A-4D57-946F-C5E73BD840BA}.Debug|ARM.Deploy.0 = Debug|Any CPU
		{AB399442-449A-4D57-946F-C5E73BD840BA}.Debug|iPhone.ActiveCfg = Debug|Any CPU
		{AB399442-449A-4D57-946F-C5E73BD840BA}.Debug|iPhone.Build.0 = Debug|Any CPU
		{AB399442-449A-4D57-946F-C5E73BD840BA}.Debug|iPhone.Deploy.0 = Debug|Any CPU
		{AB399442-449A-4D57-946F-C5E73BD840BA}.Debug|iPhoneSimulator.ActiveCfg = Debug|Any CPU
		{AB399442-449A-4D57-946F-C5E73BD840BA}.Debug|iPhoneSimulator.Build.0 = Debug|Any CPU
		{AB399442-449A-4D57-946F-C5E73BD840BA}.Debug|iPhoneSimulator.Deploy.0 = Debug|Any CPU
		{AB399442-449A-4D57-946F-C5E73BD840BA}.Debug|x64.ActiveCfg = Debug|Any CPU
		{AB399442-449A-4D57-946F-C5E73BD840BA}.Debug|x64.Build.0 = Debug|Any CPU
		{AB399442-449A-4D57-946F-C5E73BD840BA}.Debug|x64.Deploy.0 = Debug|Any CPU
		{AB399442-449A-4D57-946F-C5E73BD840BA}.Debug|x86.ActiveCfg = Debug|Any CPU
		{AB399442-449A-4D57-946F-C5E73BD840BA}.Debug|x86.Build.0 = Debug|Any CPU
		{AB399442-449A-4D57-946F-C5E73BD840BA}.Debug|x86.Deploy.0 = Debug|Any CPU
		{AB399442-449A-4D57-946F-C5E73BD840BA}.Release|Any CPU.ActiveCfg = Release|Any CPU
		{AB399442-449A-4D57-946F-C5E73BD840BA}.Release|Any CPU.Build.0 = Release|Any CPU
		{AB399442-449A-4D57-946F-C5E73BD840BA}.Release|Any CPU.Deploy.0 = Release|Any CPU
		{AB399442-449A-4D57-946F-C5E73BD840BA}.Release|ARM.ActiveCfg = Release|Any CPU
		{AB399442-449A-4D57-946F-C5E73BD840BA}.Release|ARM.Build.0 = Release|Any CPU
		{AB399442-449A-4D57-946F-C5E73BD840BA}.Release|ARM.Deploy.0 = Release|Any CPU
		{AB399442-449A-4D57-946F-C5E73BD840BA}.Release|iPhone.ActiveCfg = Release|Any CPU
		{AB399442-449A-4D57-946F-C5E73BD840BA}.Release|iPhone.Build.0 = Release|Any CPU
		{AB399442-449A-4D57-946F-C5E73BD840BA}.Release|iPhone.Deploy.0 = Release|Any CPU
		{AB399442-449A-4D57-946F-C5E73BD840BA}.Release|iPhoneSimulator.ActiveCfg = Release|Any CPU
		{AB399442-449A-4D57-946F-C5E73BD840BA}.Release|iPhoneSimulator.Build.0 = Release|Any CPU
		{AB399442-449A-4D57-946F-C5E73BD840BA}.Release|iPhoneSimulator.Deploy.0 = Release|Any CPU
		{AB399442-449A-4D57-946F-C5E73BD840BA}.Release|x64.ActiveCfg = Release|Any CPU
		{AB399442-449A-4D57-946F-C5E73BD840BA}.Release|x64.Build.0 = Release|Any CPU
		{AB399442-449A-4D57-946F-C5E73BD840BA}.Release|x64.Deploy.0 = Release|Any CPU
		{AB399442-449A-4D57-946F-C5E73BD840BA}.Release|x86.ActiveCfg = Release|Any CPU
		{AB399442-449A-4D57-946F-C5E73BD840BA}.Release|x86.Build.0 = Release|Any CPU
		{AB399442-449A-4D57-946F-C5E73BD840BA}.Release|x86.Deploy.0 = Release|Any CPU
	EndGlobalSection
	GlobalSection(SolutionProperties) = preSolution
		HideSolutionNode = FALSE
	EndGlobalSection
	GlobalSection(ExtensibilityGlobals) = postSolution
		SolutionGuid = {1D058AFB-A4AE-4477-9721-59A9234671C4}
	EndGlobalSection
EndGlobal
